{
  "name": "project-auth-parent",
  "version": "1.0.0",
  "lockfileVersion": 3,
  "requires": true,
  "packages": {
    "": {
      "name": "project-auth-parent",
      "version": "1.0.0",
      "hasInstallScript": true,
      "dependencies": {
        "caniuse-lite": "^1.0.30001502"
      }
    },
    "node_modules/caniuse-lite": {
      "version": "1.0.30001502",
      "resolved": "https://registry.npmjs.org/caniuse-lite/-/caniuse-lite-1.0.30001502.tgz",
      "integrity": "sha512-AZ+9tFXw1sS0o0jcpJQIXvFTOB/xGiQ4OQ2t98QX3NDn2EZTSRBC801gxrsGgViuq2ak/NLkNgSNEPtCr5lfKg==",
      "funding": [
        {
          "type": "opencollective",
          "url": "https://opencollective.com/browserslist"
        },
        {
          "type": "tidelift",
          "url": "https://tidelift.com/funding/github/npm/caniuse-lite"
        },
        {
          "type": "github",
          "url": "https://github.com/sponsors/ai"
        }
      ]
    }
  }
}
